
Microsoft Visual Studio Solution File, Format Version 12.00
# Visual Studio Version 17
VisualStudioVersion = 17.14.36915.13
MinimumVisualStudioVersion = 10.0.40219.1
Project("{FAE04EC0-301F-11D3-BF4B-00C04F79EFBC}") = "Contact Manager", "Contact Manager.csproj", "{26DDCC1A-B83F-BA66-1510-DBF23AFD67B7}"
EndProject
Project("{FAE04EC0-301F-11D3-BF4B-00C04F79EFBC}") = "Contact Manager.Test", "..\Contact Manager.Test\Contact Manager.Test.csproj", "{504B703A-0611-4827-A7A4-CD33371AB736}"
EndProject
Global
	GlobalSection(SolutionConfigurationPlatforms) = preSolution
		Debug|Any CPU = Debug|Any CPU
		Release|Any CPU = Release|Any CPU
	EndGlobalSection
	GlobalSection(ProjectConfigurationPlatforms) = postSolution
		{26DDCC1A-B83F-BA66-1510-DBF23AFD67B7}.Debug|Any CPU.ActiveCfg = Debug|Any CPU
		{26DDCC1A-B83F-BA66-1510-DBF23AFD67B7}.Debug|Any CPU.Build.0 = Debug|Any CPU
		{26DDCC1A-B83F-BA66-1510-DBF23AFD67B7}.Release|Any CPU.ActiveCfg = Release|Any CPU
		{26DDCC1A-B83F-BA66-1510-DBF23AFD67B7}.Release|Any CPU.Build.0 = Release|Any CPU
		{504B703A-0611-4827-A7A4-CD33371AB736}.Debug|Any CPU.ActiveCfg = Debug|Any CPU
		{504B703A-0611-4827-A7A4-CD33371AB736}.Debug|Any CPU.Build.0 = Debug|Any CPU
		{504B703A-0611-4827-A7A4-CD33371AB736}.Release|Any CPU.ActiveCfg = Release|Any CPU
		{504B703A-0611-4827-A7A4-CD33371AB736}.Release|Any CPU.Build.0 = Release|Any CPU
	EndGlobalSection
	GlobalSection(SolutionProperties) = preSolution
		HideSolutionNode = FALSE
	EndGlobalSection
	GlobalSection(ExtensibilityGlobals) = postSolution
		SolutionGuid = {C7DBD1A5-5780-4820-BA65-1B430781A935}
	EndGlobalSection
EndGlobal
